// !$*UTF8*$!
{
	archiveVersion = 1;
	classes = {
	};
	objectVersion = 56;
	objects = {

/* Begin PBXBuildFile section */
		0B3AE3DC2906FAC1008C9F99 /* Launch Screen.storyboard in Resources */ = {isa = PBXBuildFile; fileRef = 0B3AE3DB2906FAC1008C9F99 /* Launch Screen.storyboard */; };
		0B3AE3DF29070017008C9F99 /* RegisterViewOne.swift in Sources */ = {isa = PBXBuildFile; fileRef = 0B3AE3DE29070017008C9F99 /* RegisterViewOne.swift */; };
		0B3AE3E129070B4F008C9F99 /* RegisterViewTwo.swift in Sources */ = {isa = PBXBuildFile; fileRef = 0B3AE3E029070B4F008C9F99 /* RegisterViewTwo.swift */; };
		0B3AE3E429070BCB008C9F99 /* UserInfos.swift in Sources */ = {isa = PBXBuildFile; fileRef = 0B3AE3E329070BCB008C9F99 /* UserInfos.swift */; };
		0B62B9252906F8AE00820FC7 /* VegatlasApp.swift in Sources */ = {isa = PBXBuildFile; fileRef = 0B62B9242906F8AE00820FC7 /* VegatlasApp.swift */; };
		0B62B9272906F8AE00820FC7 /* ContentView.swift in Sources */ = {isa = PBXBuildFile; fileRef = 0B62B9262906F8AE00820FC7 /* ContentView.swift */; };
		0B62B9292906F8AF00820FC7 /* Assets.xcassets in Resources */ = {isa = PBXBuildFile; fileRef = 0B62B9282906F8AF00820FC7 /* Assets.xcassets */; };
		0B62B92D2906F8AF00820FC7 /* Preview Assets.xcassets in Resources */ = {isa = PBXBuildFile; fileRef = 0B62B92C2906F8AF00820FC7 /* Preview Assets.xcassets */; };
		0BF128462908438C007C01DF /* LoginView.swift in Sources */ = {isa = PBXBuildFile; fileRef = 0BF128452908438C007C01DF /* LoginView.swift */; };
		C24B607B2909D0B600B3B400 /* ProfileView.swift in Sources */ = {isa = PBXBuildFile; fileRef = C24B607A2909D0B500B3B400 /* ProfileView.swift */; };
		C2BE4D4C2909983C001CD996 /* MainAppView.swift in Sources */ = {isa = PBXBuildFile; fileRef = C2BE4D4B2909983C001CD996 /* MainAppView.swift */; };
		C2BE4D4E29099B31001CD996 /* MapView.swift in Sources */ = {isa = PBXBuildFile; fileRef = C2BE4D4D29099B31001CD996 /* MapView.swift */; };
		C2BE4D5029099B57001CD996 /* FavoriteView.swift in Sources */ = {isa = PBXBuildFile; fileRef = C2BE4D4F29099B57001CD996 /* FavoriteView.swift */; };
		C2BE4D5229099B7B001CD996 /* NotView.swift in Sources */ = {isa = PBXBuildFile; fileRef = C2BE4D5129099B7B001CD996 /* NotView.swift */; };
/* End PBXBuildFile section */

/* Begin PBXFileReference section */
		0B3AE3DB2906FAC1008C9F99 /* Launch Screen.storyboard */ = {isa = PBXFileReference; lastKnownFileType = file.storyboard; path = "Launch Screen.storyboard"; sourceTree = "<group>"; };
		0B3AE3DD2906FD1C008C9F99 /* Info.plist */ = {isa = PBXFileReference; lastKnownFileType = text.plist; path = Info.plist; sourceTree = "<group>"; };
		0B3AE3DE29070017008C9F99 /* RegisterViewOne.swift */ = {isa = PBXFileReference; lastKnownFileType = sourcecode.swift; path = RegisterViewOne.swift; sourceTree = "<group>"; };
		0B3AE3E029070B4F008C9F99 /* RegisterViewTwo.swift */ = {isa = PBXFileReference; lastKnownFileType = sourcecode.swift; path = RegisterViewTwo.swift; sourceTree = "<group>"; };
		0B3AE3E329070BCB008C9F99 /* UserInfos.swift */ = {isa = PBXFileReference; lastKnownFileType = sourcecode.swift; path = UserInfos.swift; sourceTree = "<group>"; };
		0B62B9212906F8AE00820FC7 /* Vegatlas.app */ = {isa = PBXFileReference; explicitFileType = wrapper.application; includeInIndex = 0; path = Vegatlas.app; sourceTree = BUILT_PRODUCTS_DIR; };
		0B62B9242906F8AE00820FC7 /* VegatlasApp.swift */ = {isa = PBXFileReference; lastKnownFileType = sourcecode.swift; path = VegatlasApp.swift; sourceTree = "<group>"; };
		0B62B9262906F8AE00820FC7 /* ContentView.swift */ = {isa = PBXFileReference; lastKnownFileType = sourcecode.swift; path = ContentView.swift; sourceTree = "<group>"; };
		0B62B9282906F8AF00820FC7 /* Assets.xcassets */ = {isa = PBXFileReference; lastKnownFileType = folder.assetcatalog; path = Assets.xcassets; sourceTree = "<group>"; };
		0B62B92A2906F8AF00820FC7 /* Vegatlas.entitlements */ = {isa = PBXFileReference; lastKnownFileType = text.plist.entitlements; path = Vegatlas.entitlements; sourceTree = "<group>"; };
		0B62B92C2906F8AF00820FC7 /* Preview Assets.xcassets */ = {isa = PBXFileReference; lastKnownFileType = folder.assetcatalog; path = "Preview Assets.xcassets"; sourceTree = "<group>"; };
		0BF128452908438C007C01DF /* LoginView.swift */ = {isa = PBXFileReference; lastKnownFileType = sourcecode.swift; path = LoginView.swift; sourceTree = "<group>"; };
		C24B607A2909D0B500B3B400 /* ProfileView.swift */ = {isa = PBXFileReference; fileEncoding = 4; lastKnownFileType = sourcecode.swift; path = ProfileView.swift; sourceTree = "<group>"; };
		C2BE4D4B2909983C001CD996 /* MainAppView.swift */ = {isa = PBXFileReference; lastKnownFileType = sourcecode.swift; path = MainAppView.swift; sourceTree = "<group>"; };
		C2BE4D4D29099B31001CD996 /* MapView.swift */ = {isa = PBXFileReference; lastKnownFileType = sourcecode.swift; path = MapView.swift; sourceTree = "<group>"; };
		C2BE4D4F29099B57001CD996 /* FavoriteView.swift */ = {isa = PBXFileReference; lastKnownFileType = sourcecode.swift; path = FavoriteView.swift; sourceTree = "<group>"; };
		C2BE4D5129099B7B001CD996 /* NotView.swift */ = {isa = PBXFileReference; lastKnownFileType = sourcecode.swift; path = NotView.swift; sourceTree = "<group>"; };
/* End PBXFileReference section */

/* Begin PBXFrameworksBuildPhase section */
		0B62B91E2906F8AE00820FC7 /* Frameworks */ = {
			isa = PBXFrameworksBuildPhase;
			buildActionMask = 2147483647;
			files = (
			);
			runOnlyForDeploymentPostprocessing = 0;
		};
/* End PBXFrameworksBuildPhase section */

/* Begin PBXGroup section */
		0B3AE3DA2906FA8B008C9F99 /* View */ = {
			isa = PBXGroup;
			children = (
				0B62B9262906F8AE00820FC7 /* ContentView.swift */,
				0B3AE3DE29070017008C9F99 /* RegisterViewOne.swift */,
				0B3AE3E029070B4F008C9F99 /* RegisterViewTwo.swift */,
				0BF128452908438C007C01DF /* LoginView.swift */,
				C2BE4D4B2909983C001CD996 /* MainAppView.swift */,
				C2BE4D4D29099B31001CD996 /* MapView.swift */,
				C2BE4D4F29099B57001CD996 /* FavoriteView.swift */,
				C2BE4D5129099B7B001CD996 /* NotView.swift */,
				C24B607A2909D0B500B3B400 /* ProfileView.swift */,
			);
			path = View;
			sourceTree = "<group>";
		};
		0B3AE3E229070BAF008C9F99 /* Model */ = {
			isa = PBXGroup;
			children = (
				0B3AE3E329070BCB008C9F99 /* UserInfos.swift */,
			);
			path = Model;
			sourceTree = "<group>";
		};
		0B62B9182906F8AE00820FC7 = {
			isa = PBXGroup;
			children = (
				0B62B9232906F8AE00820FC7 /* Vegatlas */,
				0B62B9222906F8AE00820FC7 /* Products */,
			);
			sourceTree = "<group>";
		};
		0B62B9222906F8AE00820FC7 /* Products */ = {
			isa = PBXGroup;
			children = (
				0B62B9212906F8AE00820FC7 /* Vegatlas.app */,
			);
			name = Products;
			sourceTree = "<group>";
		};
		0B62B9232906F8AE00820FC7 /* Vegatlas */ = {
			isa = PBXGroup;
			children = (
				0B3AE3E229070BAF008C9F99 /* Model */,
				0B3AE3DD2906FD1C008C9F99 /* Info.plist */,
				0B62B9242906F8AE00820FC7 /* VegatlasApp.swift */,
				0B3AE3DA2906FA8B008C9F99 /* View */,
				0B62B9282906F8AF00820FC7 /* Assets.xcassets */,
				0B62B92A2906F8AF00820FC7 /* Vegatlas.entitlements */,
				0B62B92B2906F8AF00820FC7 /* Preview Content */,
				0B3AE3DB2906FAC1008C9F99 /* Launch Screen.storyboard */,
			);
			path = Vegatlas;
			sourceTree = "<group>";
		};
		0B62B92B2906F8AF00820FC7 /* Preview Content */ = {
			isa = PBXGroup;
			children = (
				0B62B92C2906F8AF00820FC7 /* Preview Assets.xcassets */,
			);
			path = "Preview Content";
			sourceTree = "<group>";
		};
/* End PBXGroup section */

/* Begin PBXNativeTarget section */
		0B62B9202906F8AE00820FC7 /* Vegatlas */ = {
			isa = PBXNativeTarget;
			buildConfigurationList = 0B62B9302906F8AF00820FC7 /* Build configuration list for PBXNativeTarget "Vegatlas" */;
			buildPhases = (
				0B62B91D2906F8AE00820FC7 /* Sources */,
				0B62B91E2906F8AE00820FC7 /* Frameworks */,
				0B62B91F2906F8AE00820FC7 /* Resources */,
			);
			buildRules = (
			);
			dependencies = (
			);
			name = Vegatlas;
			productName = Vegatlas;
			productReference = 0B62B9212906F8AE00820FC7 /* Vegatlas.app */;
			productType = "com.apple.product-type.application";
		};
/* End PBXNativeTarget section */

/* Begin PBXProject section */
		0B62B9192906F8AE00820FC7 /* Project object */ = {
			isa = PBXProject;
			attributes = {
				BuildIndependentTargetsInParallel = 1;
				LastSwiftUpdateCheck = 1400;
				LastUpgradeCheck = 1400;
				TargetAttributes = {
					0B62B9202906F8AE00820FC7 = {
						CreatedOnToolsVersion = 14.0.1;
					};
				};
			};
			buildConfigurationList = 0B62B91C2906F8AE00820FC7 /* Build configuration list for PBXProject "Vegatlas" */;
			compatibilityVersion = "Xcode 14.0";
			developmentRegion = en;
			hasScannedForEncodings = 0;
			knownRegions = (
				en,
				Base,
			);
			mainGroup = 0B62B9182906F8AE00820FC7;
			productRefGroup = 0B62B9222906F8AE00820FC7 /* Products */;
			projectDirPath = "";
			projectRoot = "";
			targets = (
				0B62B9202906F8AE00820FC7 /* Vegatlas */,
			);
		};
/* End PBXProject section */

/* Begin PBXResourcesBuildPhase section */
		0B62B91F2906F8AE00820FC7 /* Resources */ = {
			isa = PBXResourcesBuildPhase;
			buildActionMask = 2147483647;
			files = (
				0B3AE3DC2906FAC1008C9F99 /* Launch Screen.storyboard in Resources */,
				0B62B92D2906F8AF00820FC7 /* Preview Assets.xcassets in Resources */,
				0B62B9292906F8AF00820FC7 /* Assets.xcassets in Resources */,
			);
			runOnlyForDeploymentPostprocessing = 0;
		};
/* End PBXResourcesBuildPhase section */

/* Begin PBXSourcesBuildPhase section */
		0B62B91D2906F8AE00820FC7 /* Sources */ = {
			isa = PBXSourcesBuildPhase;
			buildActionMask = 2147483647;
			files = (
				0BF128462908438C007C01DF /* LoginView.swift in Sources */,
				C2BE4D4E29099B31001CD996 /* MapView.swift in Sources */,
				0B3AE3DF29070017008C9F99 /* RegisterViewOne.swift in Sources */,
				C2BE4D4C2909983C001CD996 /* MainAppView.swift in Sources */,
				0B62B9272906F8AE00820FC7 /* ContentView.swift in Sources */,
				0B3AE3E129070B4F008C9F99 /* RegisterViewTwo.swift in Sources */,
				0B62B9252906F8AE00820FC7 /* VegatlasApp.swift in Sources */,
				C2BE4D5029099B57001CD996 /* FavoriteView.swift in Sources */,
				C2BE4D5229099B7B001CD996 /* NotView.swift in Sources */,
				C24B607B2909D0B600B3B400 /* ProfileView.swift in Sources */,
				0B3AE3E429070BCB008C9F99 /* UserInfos.swift in Sources */,
			);
			runOnlyForDeploymentPostprocessing = 0;
		};
/* End PBXSourcesBuildPhase section */

/* Begin XCBuildConfiguration section */
		0B62B92E2906F8AF00820FC7 /* Debug */ = {
			isa = XCBuildConfiguration;
			buildSettings = {
				ALWAYS_SEARCH_USER_PATHS = NO;
				CLANG_ANALYZER_NONNULL = YES;
				CLANG_ANALYZER_NUMBER_OBJECT_CONVERSION = YES_AGGRESSIVE;
				CLANG_CXX_LANGUAGE_STANDARD = "gnu++20";
				CLANG_ENABLE_MODULES = YES;
				CLANG_ENABLE_OBJC_ARC = YES;
				CLANG_ENABLE_OBJC_WEAK = YES;
				CLANG_WARN_BLOCK_CAPTURE_AUTORELEASING = YES;
				CLANG_WARN_BOOL_CONVERSION = YES;
				CLANG_WARN_COMMA = YES;
				CLANG_WARN_CONSTANT_CONVERSION = YES;
				CLANG_WARN_DEPRECATED_OBJC_IMPLEMENTATIONS = YES;
				CLANG_WARN_DIRECT_OBJC_ISA_USAGE = YES_ERROR;
				CLANG_WARN_DOCUMENTATION_COMMENTS = YES;
				CLANG_WARN_EMPTY_BODY = YES;
				CLANG_WARN_ENUM_CONVERSION = YES;
				CLANG_WARN_INFINITE_RECURSION = YES;
				CLANG_WARN_INT_CONVERSION = YES;
				CLANG_WARN_NON_LITERAL_NULL_CONVERSION = YES;
				CLANG_WARN_OBJC_IMPLICIT_RETAIN_SELF = YES;
				CLANG_WARN_OBJC_LITERAL_CONVERSION = YES;
				CLANG_WARN_OBJC_ROOT_CLASS = YES_ERROR;
				CLANG_WARN_QUOTED_INCLUDE_IN_FRAMEWORK_HEADER = YES;
				CLANG_WARN_RANGE_LOOP_ANALYSIS = YES;
				CLANG_WARN_STRICT_PROTOTYPES = YES;
				CLANG_WARN_SUSPICIOUS_MOVE = YES;
				CLANG_WARN_UNGUARDED_AVAILABILITY = YES_AGGRESSIVE;
				CLANG_WARN_UNREACHABLE_CODE = YES;
				CLANG_WARN__DUPLICATE_METHOD_MATCH = YES;
				COPY_PHASE_STRIP = NO;
				DEBUG_INFORMATION_FORMAT = dwarf;
				ENABLE_STRICT_OBJC_MSGSEND = YES;
				ENABLE_TESTABILITY = YES;
				GCC_C_LANGUAGE_STANDARD = gnu11;
				GCC_DYNAMIC_NO_PIC = NO;
				GCC_NO_COMMON_BLOCKS = YES;
				GCC_OPTIMIZATION_LEVEL = 0;
				GCC_PREPROCESSOR_DEFINITIONS = (
					"DEBUG=1",
					"$(inherited)",
				);
				GCC_WARN_64_TO_32_BIT_CONVERSION = YES;
				GCC_WARN_ABOUT_RETURN_TYPE = YES_ERROR;
				GCC_WARN_UNDECLARED_SELECTOR = YES;
				GCC_WARN_UNINITIALIZED_AUTOS = YES_AGGRESSIVE;
				GCC_WARN_UNUSED_FUNCTION = YES;
				GCC_WARN_UNUSED_VARIABLE = YES;
				MTL_ENABLE_DEBUG_INFO = INCLUDE_SOURCE;
				MTL_FAST_MATH = YES;
				ONLY_ACTIVE_ARCH = YES;
				SWIFT_ACTIVE_COMPILATION_CONDITIONS = DEBUG;
				SWIFT_OPTIMIZATION_LEVEL = "-Onone";
			};
			name = Debug;
		};
		0B62B92F2906F8AF00820FC7 /* Release */ = {
			isa = XCBuildConfiguration;
			buildSettings = {
				ALWAYS_SEARCH_USER_PATHS = NO;
				CLANG_ANALYZER_NONNULL = YES;
				CLANG_ANALYZER_NUMBER_OBJECT_CONVERSION = YES_AGGRESSIVE;
				CLANG_CXX_LANGUAGE_STANDARD = "gnu++20";
				CLANG_ENABLE_MODULES = YES;
				CLANG_ENABLE_OBJC_ARC = YES;
				CLANG_ENABLE_OBJC_WEAK = YES;
				CLANG_WARN_BLOCK_CAPTURE_AUTORELEASING = YES;
				CLANG_WARN_BOOL_CONVERSION = YES;
				CLANG_WARN_COMMA = YES;
				CLANG_WARN_CONSTANT_CONVERSION = YES;
				CLANG_WARN_DEPRECATED_OBJC_IMPLEMENTATIONS = YES;
				CLANG_WARN_DIRECT_OBJC_ISA_USAGE = YES_ERROR;
				CLANG_WARN_DOCUMENTATION_COMMENTS = YES;
				CLANG_WARN_EMPTY_BODY = YES;
				CLANG_WARN_ENUM_CONVERSION = YES;
				CLANG_WARN_INFINITE_RECURSION = YES;
				CLANG_WARN_INT_CONVERSION = YES;
				CLANG_WARN_NON_LITERAL_NULL_CONVERSION = YES;
				CLANG_WARN_OBJC_IMPLICIT_RETAIN_SELF = YES;
				CLANG_WARN_OBJC_LITERAL_CONVERSION = YES;
				CLANG_WARN_OBJC_ROOT_CLASS = YES_ERROR;
				CLANG_WARN_QUOTED_INCLUDE_IN_FRAMEWORK_HEADER = YES;
				CLANG_WARN_RANGE_LOOP_ANALYSIS = YES;
				CLANG_WARN_STRICT_PROTOTYPES = YES;
				CLANG_WARN_SUSPICIOUS_MOVE = YES;
				CLANG_WARN_UNGUARDED_AVAILABILITY = YES_AGGRESSIVE;
				CLANG_WARN_UNREACHABLE_CODE = YES;
				CLANG_WARN__DUPLICATE_METHOD_MATCH = YES;
				COPY_PHASE_STRIP = NO;
				DEBUG_INFORMATION_FORMAT = "dwarf-with-dsym";
				ENABLE_NS_ASSERTIONS = NO;
				ENABLE_STRICT_OBJC_MSGSEND = YES;
				GCC_C_LANGUAGE_STANDARD = gnu11;
				GCC_NO_COMMON_BLOCKS = YES;
				GCC_WARN_64_TO_32_BIT_CONVERSION = YES;
				GCC_WARN_ABOUT_RETURN_TYPE = YES_ERROR;
				GCC_WARN_UNDECLARED_SELECTOR = YES;
				GCC_WARN_UNINITIALIZED_AUTOS = YES_AGGRESSIVE;
				GCC_WARN_UNUSED_FUNCTION = YES;
				GCC_WARN_UNUSED_VARIABLE = YES;
				MTL_ENABLE_DEBUG_INFO = NO;
				MTL_FAST_MATH = YES;
				SWIFT_COMPILATION_MODE = wholemodule;
				SWIFT_OPTIMIZATION_LEVEL = "-O";
			};
			name = Release;
		};
		0B62B9312906F8AF00820FC7 /* Debug */ = {
			isa = XCBuildConfiguration;
			buildSettings = {
				ASSETCATALOG_COMPILER_APPICON_NAME = AppIcon;
				ASSETCATALOG_COMPILER_GLOBAL_ACCENT_COLOR_NAME = AccentColor;
				CODE_SIGN_ENTITLEMENTS = Vegatlas/Vegatlas.entitlements;
				CODE_SIGN_STYLE = Automatic;
				CURRENT_PROJECT_VERSION = 1;
				DEVELOPMENT_ASSET_PATHS = "\"Vegatlas/Preview Content\"";
				DEVELOPMENT_TEAM = 9FQT58QHTS;
				ENABLE_HARDENED_RUNTIME = YES;
				ENABLE_PREVIEWS = YES;
				GENERATE_INFOPLIST_FILE = YES;
				INFOPLIST_FILE = Vegatlas/Info.plist;
				"INFOPLIST_KEY_UIApplicationSceneManifest_Generation[sdk=iphoneos*]" = YES;
				"INFOPLIST_KEY_UIApplicationSceneManifest_Generation[sdk=iphonesimulator*]" = YES;
				"INFOPLIST_KEY_UIApplicationSupportsIndirectInputEvents[sdk=iphoneos*]" = YES;
				"INFOPLIST_KEY_UIApplicationSupportsIndirectInputEvents[sdk=iphonesimulator*]" = YES;
				"INFOPLIST_KEY_UILaunchScreen_Generation[sdk=iphoneos*]" = YES;
				"INFOPLIST_KEY_UILaunchScreen_Generation[sdk=iphonesimulator*]" = YES;
				INFOPLIST_KEY_UILaunchStoryboardName = "Launch Screen.storyboard";
				"INFOPLIST_KEY_UIStatusBarStyle[sdk=iphoneos*]" = UIStatusBarStyleDefault;
				"INFOPLIST_KEY_UIStatusBarStyle[sdk=iphonesimulator*]" = UIStatusBarStyleDefault;
				INFOPLIST_KEY_UISupportedInterfaceOrientations_iPad = "UIInterfaceOrientationPortrait UIInterfaceOrientationPortraitUpsideDown UIInterfaceOrientationLandscapeLeft UIInterfaceOrientationLandscapeRight";
				INFOPLIST_KEY_UISupportedInterfaceOrientations_iPhone = "UIInterfaceOrientationPortrait UIInterfaceOrientationLandscapeLeft UIInterfaceOrientationLandscapeRight";
				IPHONEOS_DEPLOYMENT_TARGET = 16.0;
				LD_RUNPATH_SEARCH_PATHS = "@executable_path/Frameworks";
				"LD_RUNPATH_SEARCH_PATHS[sdk=macosx*]" = "@executable_path/../Frameworks";
				MACOSX_DEPLOYMENT_TARGET = 12.3;
				MARKETING_VERSION = 1.0;
				PRODUCT_BUNDLE_IDENTIFIER = com.bahadiretka.Vegatlas;
				PRODUCT_NAME = "$(TARGET_NAME)";
				SDKROOT = auto;
				SUPPORTED_PLATFORMS = "iphoneos iphonesimulator macosx";
				SWIFT_EMIT_LOC_STRINGS = YES;
				SWIFT_VERSION = 5.0;
				TARGETED_DEVICE_FAMILY = "1,2";
			};
			name = Debug;
		};
		0B62B9322906F8AF00820FC7 /* Release */ = {
			isa = XCBuildConfiguration;
			buildSettings = {
				ASSETCATALOG_COMPILER_APPICON_NAME = AppIcon;
				ASSETCATALOG_COMPILER_GLOBAL_ACCENT_COLOR_NAME = AccentColor;
				CODE_SIGN_ENTITLEMENTS = Vegatlas/Vegatlas.entitlements;
				CODE_SIGN_STYLE = Automatic;
				CURRENT_PROJECT_VERSION = 1;
				DEVELOPMENT_ASSET_PATHS = "\"Vegatlas/Preview Content\"";
				DEVELOPMENT_TEAM = 9FQT58QHTS;
				ENABLE_HARDENED_RUNTIME = YES;
				ENABLE_PREVIEWS = YES;
				GENERATE_INFOPLIST_FILE = YES;
				INFOPLIST_FILE = Vegatlas/Info.plist;
				"INFOPLIST_KEY_UIApplicationSceneManifest_Generation[sdk=iphoneos*]" = YES;
				"INFOPLIST_KEY_UIApplicationSceneManifest_Generation[sdk=iphonesimulator*]" = YES;
				"INFOPLIST_KEY_UIApplicationSupportsIndirectInputEvents[sdk=iphoneos*]" = YES;
				"INFOPLIST_KEY_UIApplicationSupportsIndirectInputEvents[sdk=iphonesimulator*]" = YES;
				"INFOPLIST_KEY_UILaunchScreen_Generation[sdk=iphoneos*]" = YES;
				"INFOPLIST_KEY_UILaunchScreen_Generation[sdk=iphonesimulator*]" = YES;
				INFOPLIST_KEY_UILaunchStoryboardName = "Launch Screen.storyboard";
				"INFOPLIST_KEY_UIStatusBarStyle[sdk=iphoneos*]" = UIStatusBarStyleDefault;
				"INFOPLIST_KEY_UIStatusBarStyle[sdk=iphonesimulator*]" = UIStatusBarStyleDefault;
				INFOPLIST_KEY_UISupportedInterfaceOrientations_iPad = "UIInterfaceOrientationPortrait UIInterfaceOrientationPortraitUpsideDown UIInterfaceOrientationLandscapeLeft UIInterfaceOrientationLandscapeRight";
				INFOPLIST_KEY_UISupportedInterfaceOrientations_iPhone = "UIInterfaceOrientationPortrait UIInterfaceOrientationLandscapeLeft UIInterfaceOrientationLandscapeRight";
				IPHONEOS_DEPLOYMENT_TARGET = 16.0;
				LD_RUNPATH_SEARCH_PATHS = "@executable_path/Frameworks";
				"LD_RUNPATH_SEARCH_PATHS[sdk=macosx*]" = "@executable_path/../Frameworks";
				MACOSX_DEPLOYMENT_TARGET = 12.3;
				MARKETING_VERSION = 1.0;
				PRODUCT_BUNDLE_IDENTIFIER = com.bahadiretka.Vegatlas;
				PRODUCT_NAME = "$(TARGET_NAME)";
				SDKROOT = auto;
				SUPPORTED_PLATFORMS = "iphoneos iphonesimulator macosx";
				SWIFT_EMIT_LOC_STRINGS = YES;
				SWIFT_VERSION = 5.0;
				TARGETED_DEVICE_FAMILY = "1,2";
			};
			name = Release;
		};
/* End XCBuildConfiguration section */

/* Begin XCConfigurationList section */
		0B62B91C2906F8AE00820FC7 /* Build configuration list for PBXProject "Vegatlas" */ = {
			isa = XCConfigurationList;
			buildConfigurations = (
				0B62B92E2906F8AF00820FC7 /* Debug */,
				0B62B92F2906F8AF00820FC7 /* Release */,
			);
			defaultConfigurationIsVisible = 0;
			defaultConfigurationName = Release;
		};
		0B62B9302906F8AF00820FC7 /* Build configuration list for PBXNativeTarget "Vegatlas" */ = {
			isa = XCConfigurationList;
			buildConfigurations = (
				0B62B9312906F8AF00820FC7 /* Debug */,
				0B62B9322906F8AF00820FC7 /* Release */,
			);
			defaultConfigurationIsVisible = 0;
			defaultConfigurationName = Release;
		};
/* End XCConfigurationList section */
	};
	rootObject = 0B62B9192906F8AE00820FC7 /* Project object */;
}
